// !$*UTF8*$!
{
	archiveVersion = 1;
	classes = {
	};
	objectVersion = 56;
	objects = {

/* Begin PBXBuildFile section */
		33F0A1DE2B1373B500EB7DA8 /* AppDelegate.swift in Sources */ = {isa = PBXBuildFile; fileRef = 33F0A1DD2B1373B500EB7DA8 /* AppDelegate.swift */; };
		33F0A1E02B1373B500EB7DA8 /* SceneDelegate.swift in Sources */ = {isa = PBXBuildFile; fileRef = 33F0A1DF2B1373B500EB7DA8 /* SceneDelegate.swift */; };
		33F0A1E22B1373B500EB7DA8 /* RMTabBarViewController.swift in Sources */ = {isa = PBXBuildFile; fileRef = 33F0A1E12B1373B500EB7DA8 /* RMTabBarViewController.swift */; };
		33F0A1E72B1373BC00EB7DA8 /* Assets.xcassets in Resources */ = {isa = PBXBuildFile; fileRef = 33F0A1E62B1373BC00EB7DA8 /* Assets.xcassets */; };
		33F0A1EA2B1373BC00EB7DA8 /* LaunchScreen.storyboard in Resources */ = {isa = PBXBuildFile; fileRef = 33F0A1E82B1373BC00EB7DA8 /* LaunchScreen.storyboard */; };
		33F0A24B2B13DE9F00EB7DA8 /* RMLocation.swift in Sources */ = {isa = PBXBuildFile; fileRef = 33F0A24A2B13DE9F00EB7DA8 /* RMLocation.swift */; };
		33F0A24D2B13DEAB00EB7DA8 /* RMCharacter.swift in Sources */ = {isa = PBXBuildFile; fileRef = 33F0A24C2B13DEAB00EB7DA8 /* RMCharacter.swift */; };
		33F0A24F2B13DEB100EB7DA8 /* RMEpisode.swift in Sources */ = {isa = PBXBuildFile; fileRef = 33F0A24E2B13DEB100EB7DA8 /* RMEpisode.swift */; };
		33F0A2532B13DFB800EB7DA8 /* RMCharacterViewController.swift in Sources */ = {isa = PBXBuildFile; fileRef = 33F0A2522B13DFB800EB7DA8 /* RMCharacterViewController.swift */; };
		33F0A2552B13E00000EB7DA8 /* RMLocationViewController.swift in Sources */ = {isa = PBXBuildFile; fileRef = 33F0A2542B13E00000EB7DA8 /* RMLocationViewController.swift */; };
		33F0A2572B13E02900EB7DA8 /* RMEpisodeViewController.swift in Sources */ = {isa = PBXBuildFile; fileRef = 33F0A2562B13E02900EB7DA8 /* RMEpisodeViewController.swift */; };
		33F0A2592B13E05800EB7DA8 /* RMSettingsViewController.swift in Sources */ = {isa = PBXBuildFile; fileRef = 33F0A2582B13E05800EB7DA8 /* RMSettingsViewController.swift */; };
/* End PBXBuildFile section */

/* Begin PBXFileReference section */
		33F0A1DA2B1373B500EB7DA8 /* RickAndMortyApp.app */ = {isa = PBXFileReference; explicitFileType = wrapper.application; includeInIndex = 0; path = RickAndMortyApp.app; sourceTree = BUILT_PRODUCTS_DIR; };
		33F0A1DD2B1373B500EB7DA8 /* AppDelegate.swift */ = {isa = PBXFileReference; lastKnownFileType = sourcecode.swift; path = AppDelegate.swift; sourceTree = "<group>"; };
		33F0A1DF2B1373B500EB7DA8 /* SceneDelegate.swift */ = {isa = PBXFileReference; lastKnownFileType = sourcecode.swift; path = SceneDelegate.swift; sourceTree = "<group>"; };
		33F0A1E12B1373B500EB7DA8 /* RMTabBarViewController.swift */ = {isa = PBXFileReference; lastKnownFileType = sourcecode.swift; path = RMTabBarViewController.swift; sourceTree = "<group>"; };
		33F0A1E62B1373BC00EB7DA8 /* Assets.xcassets */ = {isa = PBXFileReference; lastKnownFileType = folder.assetcatalog; path = Assets.xcassets; sourceTree = "<group>"; };
		33F0A1E92B1373BC00EB7DA8 /* Base */ = {isa = PBXFileReference; lastKnownFileType = file.storyboard; name = Base; path = Base.lproj/LaunchScreen.storyboard; sourceTree = "<group>"; };
		33F0A1EB2B1373BC00EB7DA8 /* Info.plist */ = {isa = PBXFileReference; lastKnownFileType = text.plist.xml; path = Info.plist; sourceTree = "<group>"; };
		33F0A24A2B13DE9F00EB7DA8 /* RMLocation.swift */ = {isa = PBXFileReference; lastKnownFileType = sourcecode.swift; path = RMLocation.swift; sourceTree = "<group>"; };
		33F0A24C2B13DEAB00EB7DA8 /* RMCharacter.swift */ = {isa = PBXFileReference; lastKnownFileType = sourcecode.swift; path = RMCharacter.swift; sourceTree = "<group>"; };
		33F0A24E2B13DEB100EB7DA8 /* RMEpisode.swift */ = {isa = PBXFileReference; lastKnownFileType = sourcecode.swift; path = RMEpisode.swift; sourceTree = "<group>"; };
		33F0A2522B13DFB800EB7DA8 /* RMCharacterViewController.swift */ = {isa = PBXFileReference; lastKnownFileType = sourcecode.swift; path = RMCharacterViewController.swift; sourceTree = "<group>"; };
		33F0A2542B13E00000EB7DA8 /* RMLocationViewController.swift */ = {isa = PBXFileReference; lastKnownFileType = sourcecode.swift; path = RMLocationViewController.swift; sourceTree = "<group>"; };
		33F0A2562B13E02900EB7DA8 /* RMEpisodeViewController.swift */ = {isa = PBXFileReference; lastKnownFileType = sourcecode.swift; path = RMEpisodeViewController.swift; sourceTree = "<group>"; };
		33F0A2582B13E05800EB7DA8 /* RMSettingsViewController.swift */ = {isa = PBXFileReference; lastKnownFileType = sourcecode.swift; path = RMSettingsViewController.swift; sourceTree = "<group>"; };
/* End PBXFileReference section */

/* Begin PBXFrameworksBuildPhase section */
		33F0A1D72B1373B500EB7DA8 /* Frameworks */ = {
			isa = PBXFrameworksBuildPhase;
			buildActionMask = 2147483647;
			files = (
			);
			runOnlyForDeploymentPostprocessing = 0;
		};
/* End PBXFrameworksBuildPhase section */

/* Begin PBXGroup section */
		33F0A1D12B1373B500EB7DA8 = {
			isa = PBXGroup;
			children = (
				33F0A1DC2B1373B500EB7DA8 /* RickAndMortyApp */,
				33F0A1DB2B1373B500EB7DA8 /* Products */,
			);
			sourceTree = "<group>";
		};
		33F0A1DB2B1373B500EB7DA8 /* Products */ = {
			isa = PBXGroup;
			children = (
				33F0A1DA2B1373B500EB7DA8 /* RickAndMortyApp.app */,
			);
			name = Products;
			sourceTree = "<group>";
		};
		33F0A1DC2B1373B500EB7DA8 /* RickAndMortyApp */ = {
			isa = PBXGroup;
			children = (
				33F0A1F52B138F6C00EB7DA8 /* Resources */,
				33F0A1F42B138F5900EB7DA8 /* API Client */,
				33F0A1F32B138F5000EB7DA8 /* ViewModels */,
				33F0A1F22B138F4C00EB7DA8 /* Views */,
				33F0A1F12B138F4900EB7DA8 /* Models */,
				33F0A2502B13DF5E00EB7DA8 /* Controllers */,
				33F0A1EB2B1373BC00EB7DA8 /* Info.plist */,
			);
			path = RickAndMortyApp;
			sourceTree = "<group>";
		};
		33F0A1F12B138F4900EB7DA8 /* Models */ = {
			isa = PBXGroup;
			children = (
				33F0A24A2B13DE9F00EB7DA8 /* RMLocation.swift */,
				33F0A24C2B13DEAB00EB7DA8 /* RMCharacter.swift */,
				33F0A24E2B13DEB100EB7DA8 /* RMEpisode.swift */,
			);
			path = Models;
			sourceTree = "<group>";
		};
		33F0A1F22B138F4C00EB7DA8 /* Views */ = {
			isa = PBXGroup;
			children = (
			);
			path = Views;
			sourceTree = "<group>";
		};
		33F0A1F32B138F5000EB7DA8 /* ViewModels */ = {
			isa = PBXGroup;
			children = (
			);
			path = ViewModels;
			sourceTree = "<group>";
		};
		33F0A1F42B138F5900EB7DA8 /* API Client */ = {
			isa = PBXGroup;
			children = (
			);
			path = "API Client";
			sourceTree = "<group>";
		};
		33F0A1F52B138F6C00EB7DA8 /* Resources */ = {
			isa = PBXGroup;
			children = (
				33F0A1DD2B1373B500EB7DA8 /* AppDelegate.swift */,
				33F0A1DF2B1373B500EB7DA8 /* SceneDelegate.swift */,
				33F0A1E62B1373BC00EB7DA8 /* Assets.xcassets */,
				33F0A1E82B1373BC00EB7DA8 /* LaunchScreen.storyboard */,
			);
			path = Resources;
			sourceTree = "<group>";
		};
		33F0A2502B13DF5E00EB7DA8 /* Controllers */ = {
			isa = PBXGroup;
			children = (
				33F0A2512B13DF7900EB7DA8 /* Core */,
			);
			path = Controllers;
			sourceTree = "<group>";
		};
		33F0A2512B13DF7900EB7DA8 /* Core */ = {
			isa = PBXGroup;
			children = (
				33F0A1E12B1373B500EB7DA8 /* RMTabBarViewController.swift */,
				33F0A2582B13E05800EB7DA8 /* RMSettingsViewController.swift */,
				33F0A2522B13DFB800EB7DA8 /* RMCharacterViewController.swift */,
				33F0A2542B13E00000EB7DA8 /* RMLocationViewController.swift */,
				33F0A2562B13E02900EB7DA8 /* RMEpisodeViewController.swift */,
			);
			path = Core;
			sourceTree = "<group>";
		};
/* End PBXGroup section */

/* Begin PBXNativeTarget section */
		33F0A1D92B1373B500EB7DA8 /* RickAndMortyApp */ = {
			isa = PBXNativeTarget;
			buildConfigurationList = 33F0A1EE2B1373BC00EB7DA8 /* Build configuration list for PBXNativeTarget "RickAndMortyApp" */;
			buildPhases = (
				33F0A1D62B1373B500EB7DA8 /* Sources */,
				33F0A1D72B1373B500EB7DA8 /* Frameworks */,
				33F0A1D82B1373B500EB7DA8 /* Resources */,
			);
			buildRules = (
			);
			dependencies = (
			);
			name = RickAndMortyApp;
			productName = RickAndMortyApp;
			productReference = 33F0A1DA2B1373B500EB7DA8 /* RickAndMortyApp.app */;
			productType = "com.apple.product-type.application";
		};
/* End PBXNativeTarget section */

/* Begin PBXProject section */
		33F0A1D22B1373B500EB7DA8 /* Project object */ = {
			isa = PBXProject;
			attributes = {
				BuildIndependentTargetsInParallel = 1;
				LastSwiftUpdateCheck = 1500;
				LastUpgradeCheck = 1500;
				TargetAttributes = {
					33F0A1D92B1373B500EB7DA8 = {
						CreatedOnToolsVersion = 15.0.1;
					};
				};
			};
			buildConfigurationList = 33F0A1D52B1373B500EB7DA8 /* Build configuration list for PBXProject "RickAndMortyApp" */;
			compatibilityVersion = "Xcode 14.0";
			developmentRegion = en;
			hasScannedForEncodings = 0;
			knownRegions = (
				en,
				Base,
			);
			mainGroup = 33F0A1D12B1373B500EB7DA8;
			productRefGroup = 33F0A1DB2B1373B500EB7DA8 /* Products */;
			projectDirPath = "";
			projectRoot = "";
			targets = (
				33F0A1D92B1373B500EB7DA8 /* RickAndMortyApp */,
			);
		};
/* End PBXProject section */

/* Begin PBXResourcesBuildPhase section */
		33F0A1D82B1373B500EB7DA8 /* Resources */ = {
			isa = PBXResourcesBuildPhase;
			buildActionMask = 2147483647;
			files = (
				33F0A1EA2B1373BC00EB7DA8 /* LaunchScreen.storyboard in Resources */,
				33F0A1E72B1373BC00EB7DA8 /* Assets.xcassets in Resources */,
			);
			runOnlyForDeploymentPostprocessing = 0;
		};
/* End PBXResourcesBuildPhase section */

/* Begin PBXSourcesBuildPhase section */
		33F0A1D62B1373B500EB7DA8 /* Sources */ = {
			isa = PBXSourcesBuildPhase;
			buildActionMask = 2147483647;
			files = (
				33F0A2552B13E00000EB7DA8 /* RMLocationViewController.swift in Sources */,
				33F0A24F2B13DEB100EB7DA8 /* RMEpisode.swift in Sources */,
				33F0A1E22B1373B500EB7DA8 /* RMTabBarViewController.swift in Sources */,
				33F0A2572B13E02900EB7DA8 /* RMEpisodeViewController.swift in Sources */,
				33F0A1DE2B1373B500EB7DA8 /* AppDelegate.swift in Sources */,
				33F0A1E02B1373B500EB7DA8 /* SceneDelegate.swift in Sources */,
				33F0A2592B13E05800EB7DA8 /* RMSettingsViewController.swift in Sources */,
				33F0A24B2B13DE9F00EB7DA8 /* RMLocation.swift in Sources */,
				33F0A24D2B13DEAB00EB7DA8 /* RMCharacter.swift in Sources */,
				33F0A2532B13DFB800EB7DA8 /* RMCharacterViewController.swift in Sources */,
			);
			runOnlyForDeploymentPostprocessing = 0;
		};
/* End PBXSourcesBuildPhase section */

/* Begin PBXVariantGroup section */
		33F0A1E82B1373BC00EB7DA8 /* LaunchScreen.storyboard */ = {
			isa = PBXVariantGroup;
			children = (
				33F0A1E92B1373BC00EB7DA8 /* Base */,
			);
			name = LaunchScreen.storyboard;
			sourceTree = "<group>";
		};
/* End PBXVariantGroup section */

/* Begin XCBuildConfiguration section */
		33F0A1EC2B1373BC00EB7DA8 /* Debug */ = {
			isa = XCBuildConfiguration;
			buildSettings = {
				ALWAYS_SEARCH_USER_PATHS = NO;
				ASSETCATALOG_COMPILER_GENERATE_SWIFT_ASSET_SYMBOL_EXTENSIONS = YES;
				CLANG_ANALYZER_NONNULL = YES;
				CLANG_ANALYZER_NUMBER_OBJECT_CONVERSION = YES_AGGRESSIVE;
				CLANG_CXX_LANGUAGE_STANDARD = "gnu++20";
				CLANG_ENABLE_MODULES = YES;
				CLANG_ENABLE_OBJC_ARC = YES;
				CLANG_ENABLE_OBJC_WEAK = YES;
				CLANG_WARN_BLOCK_CAPTURE_AUTORELEASING = YES;
				CLANG_WARN_BOOL_CONVERSION = YES;
				CLANG_WARN_COMMA = YES;
				CLANG_WARN_CONSTANT_CONVERSION = YES;
				CLANG_WARN_DEPRECATED_OBJC_IMPLEMENTATIONS = YES;
				CLANG_WARN_DIRECT_OBJC_ISA_USAGE = YES_ERROR;
				CLANG_WARN_DOCUMENTATION_COMMENTS = YES;
				CLANG_WARN_EMPTY_BODY = YES;
				CLANG_WARN_ENUM_CONVERSION = YES;
				CLANG_WARN_INFINITE_RECURSION = YES;
				CLANG_WARN_INT_CONVERSION = YES;
				CLANG_WARN_NON_LITERAL_NULL_CONVERSION = YES;
				CLANG_WARN_OBJC_IMPLICIT_RETAIN_SELF = YES;
				CLANG_WARN_OBJC_LITERAL_CONVERSION = YES;
				CLANG_WARN_OBJC_ROOT_CLASS = YES_ERROR;
				CLANG_WARN_QUOTED_INCLUDE_IN_FRAMEWORK_HEADER = YES;
				CLANG_WARN_RANGE_LOOP_ANALYSIS = YES;
				CLANG_WARN_STRICT_PROTOTYPES = YES;
				CLANG_WARN_SUSPICIOUS_MOVE = YES;
				CLANG_WARN_UNGUARDED_AVAILABILITY = YES_AGGRESSIVE;
				CLANG_WARN_UNREACHABLE_CODE = YES;
				CLANG_WARN__DUPLICATE_METHOD_MATCH = YES;
				COPY_PHASE_STRIP = NO;
				DEBUG_INFORMATION_FORMAT = dwarf;
				ENABLE_STRICT_OBJC_MSGSEND = YES;
				ENABLE_TESTABILITY = YES;
				ENABLE_USER_SCRIPT_SANDBOXING = YES;
				GCC_C_LANGUAGE_STANDARD = gnu17;
				GCC_DYNAMIC_NO_PIC = NO;
				GCC_NO_COMMON_BLOCKS = YES;
				GCC_OPTIMIZATION_LEVEL = 0;
				GCC_PREPROCESSOR_DEFINITIONS = (
					"DEBUG=1",
					"$(inherited)",
				);
				GCC_WARN_64_TO_32_BIT_CONVERSION = YES;
				GCC_WARN_ABOUT_RETURN_TYPE = YES_ERROR;
				GCC_WARN_UNDECLARED_SELECTOR = YES;
				GCC_WARN_UNINITIALIZED_AUTOS = YES_AGGRESSIVE;
				GCC_WARN_UNUSED_FUNCTION = YES;
				GCC_WARN_UNUSED_VARIABLE = YES;
				IPHONEOS_DEPLOYMENT_TARGET = 17.0;
				LOCALIZATION_PREFERS_STRING_CATALOGS = YES;
				MTL_ENABLE_DEBUG_INFO = INCLUDE_SOURCE;
				MTL_FAST_MATH = YES;
				ONLY_ACTIVE_ARCH = YES;
				SDKROOT = iphoneos;
				SWIFT_ACTIVE_COMPILATION_CONDITIONS = "DEBUG $(inherited)";
				SWIFT_OPTIMIZATION_LEVEL = "-Onone";
			};
			name = Debug;
		};
		33F0A1ED2B1373BC00EB7DA8 /* Release */ = {
			isa = XCBuildConfiguration;
			buildSettings = {
				ALWAYS_SEARCH_USER_PATHS = NO;
				ASSETCATALOG_COMPILER_GENERATE_SWIFT_ASSET_SYMBOL_EXTENSIONS = YES;
				CLANG_ANALYZER_NONNULL = YES;
				CLANG_ANALYZER_NUMBER_OBJECT_CONVERSION = YES_AGGRESSIVE;
				CLANG_CXX_LANGUAGE_STANDARD = "gnu++20";
				CLANG_ENABLE_MODULES = YES;
				CLANG_ENABLE_OBJC_ARC = YES;
				CLANG_ENABLE_OBJC_WEAK = YES;
				CLANG_WARN_BLOCK_CAPTURE_AUTORELEASING = YES;
				CLANG_WARN_BOOL_CONVERSION = YES;
				CLANG_WARN_COMMA = YES;
				CLANG_WARN_CONSTANT_CONVERSION = YES;
				CLANG_WARN_DEPRECATED_OBJC_IMPLEMENTATIONS = YES;
				CLANG_WARN_DIRECT_OBJC_ISA_USAGE = YES_ERROR;
				CLANG_WARN_DOCUMENTATION_COMMENTS = YES;
				CLANG_WARN_EMPTY_BODY = YES;
				CLANG_WARN_ENUM_CONVERSION = YES;
				CLANG_WARN_INFINITE_RECURSION = YES;
				CLANG_WARN_INT_CONVERSION = YES;
				CLANG_WARN_NON_LITERAL_NULL_CONVERSION = YES;
				CLANG_WARN_OBJC_IMPLICIT_RETAIN_SELF = YES;
				CLANG_WARN_OBJC_LITERAL_CONVERSION = YES;
				CLANG_WARN_OBJC_ROOT_CLASS = YES_ERROR;
				CLANG_WARN_QUOTED_INCLUDE_IN_FRAMEWORK_HEADER = YES;
				CLANG_WARN_RANGE_LOOP_ANALYSIS = YES;
				CLANG_WARN_STRICT_PROTOTYPES = YES;
				CLANG_WARN_SUSPICIOUS_MOVE = YES;
				CLANG_WARN_UNGUARDED_AVAILABILITY = YES_AGGRESSIVE;
				CLANG_WARN_UNREACHABLE_CODE = YES;
				CLANG_WARN__DUPLICATE_METHOD_MATCH = YES;
				COPY_PHASE_STRIP = NO;
				DEBUG_INFORMATION_FORMAT = "dwarf-with-dsym";
				ENABLE_NS_ASSERTIONS = NO;
				ENABLE_STRICT_OBJC_MSGSEND = YES;
				ENABLE_USER_SCRIPT_SANDBOXING = YES;
				GCC_C_LANGUAGE_STANDARD = gnu17;
				GCC_NO_COMMON_BLOCKS = YES;
				GCC_WARN_64_TO_32_BIT_CONVERSION = YES;
				GCC_WARN_ABOUT_RETURN_TYPE = YES_ERROR;
				GCC_WARN_UNDECLARED_SELECTOR = YES;
				GCC_WARN_UNINITIALIZED_AUTOS = YES_AGGRESSIVE;
				GCC_WARN_UNUSED_FUNCTION = YES;
				GCC_WARN_UNUSED_VARIABLE = YES;
				IPHONEOS_DEPLOYMENT_TARGET = 17.0;
				LOCALIZATION_PREFERS_STRING_CATALOGS = YES;
				MTL_ENABLE_DEBUG_INFO = NO;
				MTL_FAST_MATH = YES;
				SDKROOT = iphoneos;
				SWIFT_COMPILATION_MODE = wholemodule;
				VALIDATE_PRODUCT = YES;
			};
			name = Release;
		};
		33F0A1EF2B1373BC00EB7DA8 /* Debug */ = {
			isa = XCBuildConfiguration;
			buildSettings = {
				ASSETCATALOG_COMPILER_APPICON_NAME = AppIcon;
				ASSETCATALOG_COMPILER_GLOBAL_ACCENT_COLOR_NAME = AccentColor;
				CODE_SIGN_STYLE = Automatic;
				CURRENT_PROJECT_VERSION = 1;
				GENERATE_INFOPLIST_FILE = YES;
				INFOPLIST_FILE = RickAndMortyApp/Info.plist;
				INFOPLIST_KEY_UIApplicationSupportsIndirectInputEvents = YES;
				INFOPLIST_KEY_UILaunchStoryboardName = LaunchScreen;
				INFOPLIST_KEY_UISupportedInterfaceOrientations_iPad = "UIInterfaceOrientationPortrait UIInterfaceOrientationPortraitUpsideDown UIInterfaceOrientationLandscapeLeft UIInterfaceOrientationLandscapeRight";
				INFOPLIST_KEY_UISupportedInterfaceOrientations_iPhone = "UIInterfaceOrientationPortrait UIInterfaceOrientationLandscapeLeft UIInterfaceOrientationLandscapeRight";
				LD_RUNPATH_SEARCH_PATHS = (
					"$(inherited)",
					"@executable_path/Frameworks",
				);
				MARKETING_VERSION = 1.0;
				PRODUCT_BUNDLE_IDENTIFIER = com.example.RickAndMortyApp;
				PRODUCT_NAME = "$(TARGET_NAME)";
				SWIFT_EMIT_LOC_STRINGS = YES;
				SWIFT_VERSION = 5.0;
				TARGETED_DEVICE_FAMILY = "1,2";
			};
			name = Debug;
		};
		33F0A1F02B1373BC00EB7DA8 /* Release */ = {
			isa = XCBuildConfiguration;
			buildSettings = {
				ASSETCATALOG_COMPILER_APPICON_NAME = AppIcon;
				ASSETCATALOG_COMPILER_GLOBAL_ACCENT_COLOR_NAME = AccentColor;
				CODE_SIGN_STYLE = Automatic;
				CURRENT_PROJECT_VERSION = 1;
				GENERATE_INFOPLIST_FILE = YES;
				INFOPLIST_FILE = RickAndMortyApp/Info.plist;
				INFOPLIST_KEY_UIApplicationSupportsIndirectInputEvents = YES;
				INFOPLIST_KEY_UILaunchStoryboardName = LaunchScreen;
				INFOPLIST_KEY_UISupportedInterfaceOrientations_iPad = "UIInterfaceOrientationPortrait UIInterfaceOrientationPortraitUpsideDown UIInterfaceOrientationLandscapeLeft UIInterfaceOrientationLandscapeRight";
				INFOPLIST_KEY_UISupportedInterfaceOrientations_iPhone = "UIInterfaceOrientationPortrait UIInterfaceOrientationLandscapeLeft UIInterfaceOrientationLandscapeRight";
				LD_RUNPATH_SEARCH_PATHS = (
					"$(inherited)",
					"@executable_path/Frameworks",
				);
				MARKETING_VERSION = 1.0;
				PRODUCT_BUNDLE_IDENTIFIER = com.example.RickAndMortyApp;
				PRODUCT_NAME = "$(TARGET_NAME)";
				SWIFT_EMIT_LOC_STRINGS = YES;
				SWIFT_VERSION = 5.0;
				TARGETED_DEVICE_FAMILY = "1,2";
			};
			name = Release;
		};
/* End XCBuildConfiguration section */

/* Begin XCConfigurationList section */
		33F0A1D52B1373B500EB7DA8 /* Build configuration list for PBXProject "RickAndMortyApp" */ = {
			isa = XCConfigurationList;
			buildConfigurations = (
				33F0A1EC2B1373BC00EB7DA8 /* Debug */,
				33F0A1ED2B1373BC00EB7DA8 /* Release */,
			);
			defaultConfigurationIsVisible = 0;
			defaultConfigurationName = Release;
		};
		33F0A1EE2B1373BC00EB7DA8 /* Build configuration list for PBXNativeTarget "RickAndMortyApp" */ = {
			isa = XCConfigurationList;
			buildConfigurations = (
				33F0A1EF2B1373BC00EB7DA8 /* Debug */,
				33F0A1F02B1373BC00EB7DA8 /* Release */,
			);
			defaultConfigurationIsVisible = 0;
			defaultConfigurationName = Release;
		};
/* End XCConfigurationList section */
	};
	rootObject = 33F0A1D22B1373B500EB7DA8 /* Project object */;
}
